
Microsoft Visual Studio Solution File, Format Version 12.00
# Visual Studio Version 17
VisualStudioVersion = 17.0.31903.59
MinimumVisualStudioVersion = 10.0.40219.1
Project("{FAE04EC0-301F-11D3-BF4B-00C04F79EFBC}") = "CoControl", "src\CoControl.csproj", "{EA73D8FA-A21D-4A72-8BEF-A5902C51466F}"
EndProject
Project("{2150E333-8FDC-42A3-9474-1A3956D46DE8}") = "tests", "tests", "{49DD644E-A4CB-47C3-81CB-F1AD4D5EEB86}"
EndProject
Project("{FAE04EC0-301F-11D3-BF4B-00C04F79EFBC}") = "CoControl.Tests", "tests\CoControl.Tests\CoControl.Tests.csproj", "{5229D9F1-D2CC-41F7-8031-A73149EA185F}"
EndProject
Project("{FAE04EC0-301F-11D3-BF4B-00C04F79EFBC}") = "S2_RgbTest", "tests\S2_RgbTest\S2_RgbTest.csproj", "{41EF7C5A-6A44-41C4-9FA3-02679E524C9F}"
EndProject
Project("{FAE04EC0-301F-11D3-BF4B-00C04F79EFBC}") = "Diag_DevicePaths", "tests\Diag_DevicePaths\Diag_DevicePaths.csproj", "{CA9C7E5B-0057-4A2E-850A-F4EAE96B83A6}"
EndProject
Project("{FAE04EC0-301F-11D3-BF4B-00C04F79EFBC}") = "CoControl.UnitTests", "tests\CoControl.UnitTests\CoControl.UnitTests.csproj", "{7B3E9A15-4C6D-4E2F-9A81-D5F0B7C21E44}"
EndProject
Project("{FAE04EC0-301F-11D3-BF4B-00C04F79EFBC}") = "S3_MemoryTest", "tests\S3_MemoryTest\S3_MemoryTest.csproj", "{9D2F1C88-6E3A-4B57-8C40-A1E7F3D92B60}"
EndProject
Project("{FAE04EC0-301F-11D3-BF4B-00C04F79EFBC}") = "S4_AdvancedTest", "tests\S4_AdvancedTest\S4_AdvancedTest.csproj", "{3A8E5D2C-9F41-4B76-A0D3-E6C18B49F572}"
EndProject
Project("{FAE04EC0-301F-11D3-BF4B-00C04F79EFBC}") = "S4_DirectRgbProbe", "tests\S4_DirectRgbProbe\S4_DirectRgbProbe.csproj", "{6C4B8F3E-2D97-4A15-B8E6-F0A35C7D91B4}"
EndProject
Project("{FAE04EC0-301F-11D3-BF4B-00C04F79EFBC}") = "CoControl.App", "src\CoControl.App\CoControl.App.csproj", "{5E9A2D71-8B4C-4F63-A2D8-C71B94E05F26}"
EndProject
Project("{FAE04EC0-301F-11D3-BF4B-00C04F79EFBC}") = "S5_StressTest", "tests\S5_StressTest\S5_StressTest.csproj", "{B2D74E19-6A3F-4C88-9E51-D08C4B7A2F63}"
EndProject
Global
	GlobalSection(SolutionConfigurationPlatforms) = preSolution
		Debug|Any CPU = Debug|Any CPU
		Release|Any CPU = Release|Any CPU
	EndGlobalSection
	GlobalSection(SolutionProperties) = preSolution
		HideSolutionNode = FALSE
	EndGlobalSection
	GlobalSection(ProjectConfigurationPlatforms) = postSolution
		{EA73D8FA-A21D-4A72-8BEF-A5902C51466F}.Debug|Any CPU.ActiveCfg = Debug|Any CPU
		{EA73D8FA-A21D-4A72-8BEF-A5902C51466F}.Debug|Any CPU.Build.0 = Debug|Any CPU
		{EA73D8FA-A21D-4A72-8BEF-A5902C51466F}.Release|Any CPU.ActiveCfg = Release|Any CPU
		{EA73D8FA-A21D-4A72-8BEF-A5902C51466F}.Release|Any CPU.Build.0 = Release|Any CPU
		{5229D9F1-D2CC-41F7-8031-A73149EA185F}.Debug|Any CPU.ActiveCfg = Debug|Any CPU
		{5229D9F1-D2CC-41F7-8031-A73149EA185F}.Debug|Any CPU.Build.0 = Debug|Any CPU
		{5229D9F1-D2CC-41F7-8031-A73149EA185F}.Release|Any CPU.ActiveCfg = Release|Any CPU
		{5229D9F1-D2CC-41F7-8031-A73149EA185F}.Release|Any CPU.Build.0 = Release|Any CPU
		{41EF7C5A-6A44-41C4-9FA3-02679E524C9F}.Debug|Any CPU.ActiveCfg = Debug|Any CPU
		{41EF7C5A-6A44-41C4-9FA3-02679E524C9F}.Debug|Any CPU.Build.0 = Debug|Any CPU
		{41EF7C5A-6A44-41C4-9FA3-02679E524C9F}.Release|Any CPU.ActiveCfg = Release|Any CPU
		{41EF7C5A-6A44-41C4-9FA3-02679E524C9F}.Release|Any CPU.Build.0 = Release|Any CPU
		{CA9C7E5B-0057-4A2E-850A-F4EAE96B83A6}.Debug|Any CPU.ActiveCfg = Debug|Any CPU
		{CA9C7E5B-0057-4A2E-850A-F4EAE96B83A6}.Debug|Any CPU.Build.0 = Debug|Any CPU
		{CA9C7E5B-0057-4A2E-850A-F4EAE96B83A6}.Release|Any CPU.ActiveCfg = Release|Any CPU
		{CA9C7E5B-0057-4A2E-850A-F4EAE96B83A6}.Release|Any CPU.Build.0 = Release|Any CPU
		{7B3E9A15-4C6D-4E2F-9A81-D5F0B7C21E44}.Debug|Any CPU.ActiveCfg = Debug|Any CPU
		{7B3E9A15-4C6D-4E2F-9A81-D5F0B7C21E44}.Debug|Any CPU.Build.0 = Debug|Any CPU
		{7B3E9A15-4C6D-4E2F-9A81-D5F0B7C21E44}.Release|Any CPU.ActiveCfg = Release|Any CPU
		{7B3E9A15-4C6D-4E2F-9A81-D5F0B7C21E44}.Release|Any CPU.Build.0 = Release|Any CPU
		{9D2F1C88-6E3A-4B57-8C40-A1E7F3D92B60}.Debug|Any CPU.ActiveCfg = Debug|Any CPU
		{9D2F1C88-6E3A-4B57-8C40-A1E7F3D92B60}.Debug|Any CPU.Build.0 = Debug|Any CPU
		{9D2F1C88-6E3A-4B57-8C40-A1E7F3D92B60}.Release|Any CPU.ActiveCfg = Release|Any CPU
		{9D2F1C88-6E3A-4B57-8C40-A1E7F3D92B60}.Release|Any CPU.Build.0 = Release|Any CPU
		{3A8E5D2C-9F41-4B76-A0D3-E6C18B49F572}.Debug|Any CPU.ActiveCfg = Debug|Any CPU
		{3A8E5D2C-9F41-4B76-A0D3-E6C18B49F572}.Debug|Any CPU.Build.0 = Debug|Any CPU
		{3A8E5D2C-9F41-4B76-A0D3-E6C18B49F572}.Release|Any CPU.ActiveCfg = Release|Any CPU
		{3A8E5D2C-9F41-4B76-A0D3-E6C18B49F572}.Release|Any CPU.Build.0 = Release|Any CPU
		{6C4B8F3E-2D97-4A15-B8E6-F0A35C7D91B4}.Debug|Any CPU.ActiveCfg = Debug|Any CPU
		{6C4B8F3E-2D97-4A15-B8E6-F0A35C7D91B4}.Debug|Any CPU.Build.0 = Debug|Any CPU
		{6C4B8F3E-2D97-4A15-B8E6-F0A35C7D91B4}.Release|Any CPU.ActiveCfg = Release|Any CPU
		{6C4B8F3E-2D97-4A15-B8E6-F0A35C7D91B4}.Release|Any CPU.Build.0 = Release|Any CPU
		{5E9A2D71-8B4C-4F63-A2D8-C71B94E05F26}.Debug|Any CPU.ActiveCfg = Debug|Any CPU
		{5E9A2D71-8B4C-4F63-A2D8-C71B94E05F26}.Debug|Any CPU.Build.0 = Debug|Any CPU
		{5E9A2D71-8B4C-4F63-A2D8-C71B94E05F26}.Release|Any CPU.ActiveCfg = Release|Any CPU
		{5E9A2D71-8B4C-4F63-A2D8-C71B94E05F26}.Release|Any CPU.Build.0 = Release|Any CPU
		{B2D74E19-6A3F-4C88-9E51-D08C4B7A2F63}.Debug|Any CPU.ActiveCfg = Debug|Any CPU
		{B2D74E19-6A3F-4C88-9E51-D08C4B7A2F63}.Debug|Any CPU.Build.0 = Debug|Any CPU
		{B2D74E19-6A3F-4C88-9E51-D08C4B7A2F63}.Release|Any CPU.ActiveCfg = Release|Any CPU
		{B2D74E19-6A3F-4C88-9E51-D08C4B7A2F63}.Release|Any CPU.Build.0 = Release|Any CPU
	EndGlobalSection
	GlobalSection(NestedProjects) = preSolution
		{5229D9F1-D2CC-41F7-8031-A73149EA185F} = {49DD644E-A4CB-47C3-81CB-F1AD4D5EEB86}
		{41EF7C5A-6A44-41C4-9FA3-02679E524C9F} = {49DD644E-A4CB-47C3-81CB-F1AD4D5EEB86}
		{CA9C7E5B-0057-4A2E-850A-F4EAE96B83A6} = {49DD644E-A4CB-47C3-81CB-F1AD4D5EEB86}
		{7B3E9A15-4C6D-4E2F-9A81-D5F0B7C21E44} = {49DD644E-A4CB-47C3-81CB-F1AD4D5EEB86}
		{9D2F1C88-6E3A-4B57-8C40-A1E7F3D92B60} = {49DD644E-A4CB-47C3-81CB-F1AD4D5EEB86}
		{3A8E5D2C-9F41-4B76-A0D3-E6C18B49F572} = {49DD644E-A4CB-47C3-81CB-F1AD4D5EEB86}
		{6C4B8F3E-2D97-4A15-B8E6-F0A35C7D91B4} = {49DD644E-A4CB-47C3-81CB-F1AD4D5EEB86}
		{B2D74E19-6A3F-4C88-9E51-D08C4B7A2F63} = {49DD644E-A4CB-47C3-81CB-F1AD4D5EEB86}
	EndGlobalSection
EndGlobal
